
Microsoft Visual Studio Solution File, Format Version 12.00
# Visual Studio 15
VisualStudioVersion = 15.0.27703.2018
MinimumVisualStudioVersion = 10.0.40219.1
Project("{FAE04EC0-301F-11D3-BF4B-00C04F79EFBC}") = "Project calculate", "Project calculate\Project calculate.csproj", "{759135DC-045A-4B54-9799-90B83A91C243}"
EndProject
Global
	GlobalSection(SolutionConfigurationPlatforms) = preSolution
		Debug|Any CPU = Debug|Any CPU
		Release|Any CPU = Release|Any CPU
	EndGlobalSection
	GlobalSection(ProjectConfigurationPlatforms) = postSolution
		{759135DC-045A-4B54-9799-90B83A91C243}.Debug|Any CPU.ActiveCfg = Debug|Any CPU
		{759135DC-045A-4B54-9799-90B83A91C243}.Debug|Any CPU.Build.0 = Debug|Any CPU
		{759135DC-045A-4B54-9799-90B83A91C243}.Release|Any CPU.ActiveCfg = Release|Any CPU
		{759135DC-045A-4B54-9799-90B83A91C243}.Release|Any CPU.Build.0 = Release|Any CPU
	EndGlobalSection
	GlobalSection(SolutionProperties) = preSolution
		HideSolutionNode = FALSE
	EndGlobalSection
	GlobalSection(ExtensibilityGlobals) = postSolution
		SolutionGuid = {6B485E3E-6318-478F-864B-46F0AF1201F9}
	EndGlobalSection
EndGlobal
